{
  "name": "frontend",
  "version": "1.0.0",
  "lockfileVersion": 1,
  "requires": true,
  "dependencies": {
    "vue": {
      "version": "2.6.1",
      "resolved": "https://registry.npmmirror.com/vue/-/vue-2.6.1.tgz",
      "integrity": "sha512-ka6pgKZSa44+/11g+sD99Akajt0GceTnT8tagqLrQovXptgwaiLaEOHzMA/FLR07lGIfIR2UTHb69bTRBN71dA=="
    }
  }
}
